
Microsoft Visual Studio Solution File, Format Version 12.00
# Visual Studio Version 16
VisualStudioVersion = 16.0.31321.278
MinimumVisualStudioVersion = 10.0.40219.1
Project("{FAE04EC0-301F-11D3-BF4B-00C04F79EFBC}") = "IS-1-20-DvornyjVA-U", "IS-1-20-DvornyjVA-U\IS-1-20-DvornyjVA-U.csproj", "{9C6F0957-4500-404F-96A5-0C5D16E21EFF}"
EndProject
Project("{FAE04EC0-301F-11D3-BF4B-00C04F79EFBC}") = "Task1", "Task1\Task1.csproj", "{427C3968-C049-405F-B4C7-FA8C8157ACE3}"
EndProject
Project("{FAE04EC0-301F-11D3-BF4B-00C04F79EFBC}") = "Task2", "Task2\Task2.csproj", "{6460A1BC-AD07-4370-A940-6869B9113105}"
EndProject
Project("{FAE04EC0-301F-11D3-BF4B-00C04F79EFBC}") = "Task3", "Task3\Task3.csproj", "{4E74F90B-45BC-4894-960B-71ABAF794788}"
EndProject
Project("{FAE04EC0-301F-11D3-BF4B-00C04F79EFBC}") = "Task4", "Task4\Task4.csproj", "{6DF06D71-E15C-44B5-8D12-81FA3BA494EC}"
EndProject
Project("{9A19103F-16F7-4668-BE54-9A1E7A4F7556}") = "ConnectDB", "ConnectDB\ConnectDB.csproj", "{031C36B5-CBCA-4FB0-94A0-11617DCA171B}"
EndProject
Project("{FAE04EC0-301F-11D3-BF4B-00C04F79EFBC}") = "Task5", "Task5\Task5.csproj", "{B1B617C3-8CC4-4C2A-9B45-54AF38A80EEF}"
EndProject
Global
	GlobalSection(SolutionConfigurationPlatforms) = preSolution
		Debug|Any CPU = Debug|Any CPU
		Release|Any CPU = Release|Any CPU
	EndGlobalSection
	GlobalSection(ProjectConfigurationPlatforms) = postSolution
		{9C6F0957-4500-404F-96A5-0C5D16E21EFF}.Debug|Any CPU.ActiveCfg = Debug|Any CPU
		{9C6F0957-4500-404F-96A5-0C5D16E21EFF}.Debug|Any CPU.Build.0 = Debug|Any CPU
		{9C6F0957-4500-404F-96A5-0C5D16E21EFF}.Release|Any CPU.ActiveCfg = Release|Any CPU
		{9C6F0957-4500-404F-96A5-0C5D16E21EFF}.Release|Any CPU.Build.0 = Release|Any CPU
		{427C3968-C049-405F-B4C7-FA8C8157ACE3}.Debug|Any CPU.ActiveCfg = Debug|Any CPU
		{427C3968-C049-405F-B4C7-FA8C8157ACE3}.Debug|Any CPU.Build.0 = Debug|Any CPU
		{427C3968-C049-405F-B4C7-FA8C8157ACE3}.Release|Any CPU.ActiveCfg = Release|Any CPU
		{427C3968-C049-405F-B4C7-FA8C8157ACE3}.Release|Any CPU.Build.0 = Release|Any CPU
		{6460A1BC-AD07-4370-A940-6869B9113105}.Debug|Any CPU.ActiveCfg = Debug|Any CPU
		{6460A1BC-AD07-4370-A940-6869B9113105}.Debug|Any CPU.Build.0 = Debug|Any CPU
		{6460A1BC-AD07-4370-A940-6869B9113105}.Release|Any CPU.ActiveCfg = Release|Any CPU
		{6460A1BC-AD07-4370-A940-6869B9113105}.Release|Any CPU.Build.0 = Release|Any CPU
		{4E74F90B-45BC-4894-960B-71ABAF794788}.Debug|Any CPU.ActiveCfg = Debug|Any CPU
		{4E74F90B-45BC-4894-960B-71ABAF794788}.Debug|Any CPU.Build.0 = Debug|Any CPU
		{4E74F90B-45BC-4894-960B-71ABAF794788}.Release|Any CPU.ActiveCfg = Release|Any CPU
		{4E74F90B-45BC-4894-960B-71ABAF794788}.Release|Any CPU.Build.0 = Release|Any CPU
		{6DF06D71-E15C-44B5-8D12-81FA3BA494EC}.Debug|Any CPU.ActiveCfg = Debug|Any CPU
		{6DF06D71-E15C-44B5-8D12-81FA3BA494EC}.Debug|Any CPU.Build.0 = Debug|Any CPU
		{6DF06D71-E15C-44B5-8D12-81FA3BA494EC}.Release|Any CPU.ActiveCfg = Release|Any CPU
		{6DF06D71-E15C-44B5-8D12-81FA3BA494EC}.Release|Any CPU.Build.0 = Release|Any CPU
		{031C36B5-CBCA-4FB0-94A0-11617DCA171B}.Debug|Any CPU.ActiveCfg = Debug|Any CPU
		{031C36B5-CBCA-4FB0-94A0-11617DCA171B}.Debug|Any CPU.Build.0 = Debug|Any CPU
		{031C36B5-CBCA-4FB0-94A0-11617DCA171B}.Release|Any CPU.ActiveCfg = Release|Any CPU
		{031C36B5-CBCA-4FB0-94A0-11617DCA171B}.Release|Any CPU.Build.0 = Release|Any CPU
		{B1B617C3-8CC4-4C2A-9B45-54AF38A80EEF}.Debug|Any CPU.ActiveCfg = Debug|Any CPU
		{B1B617C3-8CC4-4C2A-9B45-54AF38A80EEF}.Debug|Any CPU.Build.0 = Debug|Any CPU
		{B1B617C3-8CC4-4C2A-9B45-54AF38A80EEF}.Release|Any CPU.ActiveCfg = Release|Any CPU
		{B1B617C3-8CC4-4C2A-9B45-54AF38A80EEF}.Release|Any CPU.Build.0 = Release|Any CPU
	EndGlobalSection
	GlobalSection(SolutionProperties) = preSolution
		HideSolutionNode = FALSE
	EndGlobalSection
	GlobalSection(ExtensibilityGlobals) = postSolution
		SolutionGuid = {F8BBABF6-134C-445F-8AFF-9BA0C5D0F779}
	EndGlobalSection
EndGlobal
